hash: 3ba41695604e80b1fcc1c9260100c8b658fcdff41bc7147ae943b0924ebe4c8e
updated: 2018-09-13T11:46:15.167446+08:00
imports:
- name: github.com/golang/protobuf
  version: 89a0c16f4dc2a70c0ed864d8ef64878f24fdaa51
  subpackages:
  - proto
  - ptypes
  - ptypes/any
  - ptypes/duration
  - ptypes/timestamp
- name: golang.org/x/net
  version: 26e67e76b6c3f6ce91f7c52def5af501b4e0f3a2
  repo: git@github.com:golang/net.git
  subpackages:
  - context
  - http/httpguts
  - http2
  - http2/hpack
  - idna
  - internal/timeseries
  - trace
- name: golang.org/x/sys
  version: 0ffbfd41fbef8ffcf9b62b0b0aa3a5873ed7a4fe
  repo: git@github.com:golang/sys.git
  subpackages:
  - unix
- name: golang.org/x/text
  version: f21a4dfb5e38f5895301dc265a8def02365cc3d0
  repo: git@github.com:golang/text.git
  subpackages:
  - secure/bidirule
  - transform
  - unicode/bidi
  - unicode/norm
- name: google.golang.org/genproto
  version: 5a2fd4cab2d6d4a18e70c34937662526cd0c4bd1
  subpackages:
  - googleapis/rpc/status
- name: google.golang.org/grpc
  version: acd1429515d896f3368863417570ff1bbb21b8ab
  subpackages:
  - balancer
  - balancer/base
  - balancer/roundrobin
  - codes
  - connectivity
  - credentials
  - encoding
  - encoding/proto
  - grpclog
  - internal
  - internal/backoff
  - internal/channelz
  - internal/envconfig
  - internal/grpcrand
  - internal/transport
  - keepalive
  - metadata
  - naming
  - peer
  - resolver
  - resolver/dns
  - resolver/passthrough
  - stats
  - status
  - tap
testImports: []
